
Microsoft Visual Studio Solution File, Format Version 12.00
# Visual Studio Version 16
VisualStudioVersion = 16.0.31424.327
MinimumVisualStudioVersion = 10.0.40219.1
Project("{FAE04EC0-301F-11D3-BF4B-00C04F79EFBC}") = "Bonuses.BL", "Bonuses.BL\Bonuses.BL.csproj", "{DC54980D-CDF9-4045-BE67-BBE119BF9944}"
EndProject
Project("{FAE04EC0-301F-11D3-BF4B-00C04F79EFBC}") = "Bonuses.View", "Bonuses.View\Bonuses.View.csproj", "{5DF260A9-429D-455D-8318-DF952C5407ED}"
EndProject
Project("{FAE04EC0-301F-11D3-BF4B-00C04F79EFBC}") = "Bonuses.BLTests", "Bonuses.BLTests\Bonuses.BLTests.csproj", "{D8F1C2A8-F29F-4AF1-93AE-DF5D5D0B0E0D}"
EndProject
Project("{54435603-DBB4-11D2-8724-00A0C9A8B90C}") = "Setup", "Setup\Setup.vdproj", "{B3552A30-9353-453D-A70C-7DF4351AAF0D}"
EndProject
Global
	GlobalSection(SolutionConfigurationPlatforms) = preSolution
		Debug|Any CPU = Debug|Any CPU
		Release|Any CPU = Release|Any CPU
	EndGlobalSection
	GlobalSection(ProjectConfigurationPlatforms) = postSolution
		{DC54980D-CDF9-4045-BE67-BBE119BF9944}.Debug|Any CPU.ActiveCfg = Debug|Any CPU
		{DC54980D-CDF9-4045-BE67-BBE119BF9944}.Debug|Any CPU.Build.0 = Debug|Any CPU
		{DC54980D-CDF9-4045-BE67-BBE119BF9944}.Release|Any CPU.ActiveCfg = Release|Any CPU
		{DC54980D-CDF9-4045-BE67-BBE119BF9944}.Release|Any CPU.Build.0 = Release|Any CPU
		{5DF260A9-429D-455D-8318-DF952C5407ED}.Debug|Any CPU.ActiveCfg = Debug|Any CPU
		{5DF260A9-429D-455D-8318-DF952C5407ED}.Debug|Any CPU.Build.0 = Debug|Any CPU
		{5DF260A9-429D-455D-8318-DF952C5407ED}.Release|Any CPU.ActiveCfg = Release|Any CPU
		{5DF260A9-429D-455D-8318-DF952C5407ED}.Release|Any CPU.Build.0 = Release|Any CPU
		{D8F1C2A8-F29F-4AF1-93AE-DF5D5D0B0E0D}.Debug|Any CPU.ActiveCfg = Debug|Any CPU
		{D8F1C2A8-F29F-4AF1-93AE-DF5D5D0B0E0D}.Debug|Any CPU.Build.0 = Debug|Any CPU
		{D8F1C2A8-F29F-4AF1-93AE-DF5D5D0B0E0D}.Release|Any CPU.ActiveCfg = Release|Any CPU
		{D8F1C2A8-F29F-4AF1-93AE-DF5D5D0B0E0D}.Release|Any CPU.Build.0 = Release|Any CPU
		{B3552A30-9353-453D-A70C-7DF4351AAF0D}.Debug|Any CPU.ActiveCfg = Debug
		{B3552A30-9353-453D-A70C-7DF4351AAF0D}.Release|Any CPU.ActiveCfg = Release
	EndGlobalSection
	GlobalSection(SolutionProperties) = preSolution
		HideSolutionNode = FALSE
	EndGlobalSection
	GlobalSection(ExtensibilityGlobals) = postSolution
		SolutionGuid = {4E77181A-80F8-4853-BA30-4DD4C793B1E2}
	EndGlobalSection
EndGlobal
